
Microsoft Visual Studio Solution File, Format Version 12.00
# Visual Studio Version 16
VisualStudioVersion = 16.0.30204.135
MinimumVisualStudioVersion = 10.0.40219.1
Project("{FAE04EC0-301F-11D3-BF4B-00C04F79EFBC}") = "WebMvc", "src\WebMvc\WebMvc.csproj", "{A4AA3F18-8271-427E-9FDF-7136628F36E0}"
EndProject
Project("{FAE04EC0-301F-11D3-BF4B-00C04F79EFBC}") = "Api.Identity", "src\Api.Identity\Api.Identity.csproj", "{D49FE22A-50BB-4137-8179-F277F9B50F14}"
EndProject
Project("{FAE04EC0-301F-11D3-BF4B-00C04F79EFBC}") = "Api.Sample", "src\Api.Sample\Api.Sample.csproj", "{83A076D1-A1C8-452E-9BAC-3B6DBFE8CEC5}"
EndProject
Global
	GlobalSection(SolutionConfigurationPlatforms) = preSolution
		Debug|Any CPU = Debug|Any CPU
		Release|Any CPU = Release|Any CPU
	EndGlobalSection
	GlobalSection(ProjectConfigurationPlatforms) = postSolution
		{A4AA3F18-8271-427E-9FDF-7136628F36E0}.Debug|Any CPU.ActiveCfg = Debug|Any CPU
		{A4AA3F18-8271-427E-9FDF-7136628F36E0}.Debug|Any CPU.Build.0 = Debug|Any CPU
		{A4AA3F18-8271-427E-9FDF-7136628F36E0}.Release|Any CPU.ActiveCfg = Release|Any CPU
		{A4AA3F18-8271-427E-9FDF-7136628F36E0}.Release|Any CPU.Build.0 = Release|Any CPU
		{D49FE22A-50BB-4137-8179-F277F9B50F14}.Debug|Any CPU.ActiveCfg = Debug|Any CPU
		{D49FE22A-50BB-4137-8179-F277F9B50F14}.Debug|Any CPU.Build.0 = Debug|Any CPU
		{D49FE22A-50BB-4137-8179-F277F9B50F14}.Release|Any CPU.ActiveCfg = Release|Any CPU
		{D49FE22A-50BB-4137-8179-F277F9B50F14}.Release|Any CPU.Build.0 = Release|Any CPU
		{83A076D1-A1C8-452E-9BAC-3B6DBFE8CEC5}.Debug|Any CPU.ActiveCfg = Debug|Any CPU
		{83A076D1-A1C8-452E-9BAC-3B6DBFE8CEC5}.Debug|Any CPU.Build.0 = Debug|Any CPU
		{83A076D1-A1C8-452E-9BAC-3B6DBFE8CEC5}.Release|Any CPU.ActiveCfg = Release|Any CPU
		{83A076D1-A1C8-452E-9BAC-3B6DBFE8CEC5}.Release|Any CPU.Build.0 = Release|Any CPU
	EndGlobalSection
	GlobalSection(SolutionProperties) = preSolution
		HideSolutionNode = FALSE
	EndGlobalSection
	GlobalSection(ExtensibilityGlobals) = postSolution
		SolutionGuid = {7D500CAD-B923-4855-B789-EB18C0FC42EA}
	EndGlobalSection
EndGlobal
