
Microsoft Visual Studio Solution File, Format Version 12.00
# Visual Studio Version 16
VisualStudioVersion = 16.0.29519.181
MinimumVisualStudioVersion = 10.0.40219.1
Project("{9A19103F-16F7-4668-BE54-9A1E7A4F7556}") = "Jwks.SigningCredentialsManager", "Jwks.SigningCredentialsManager\Jwks.SigningCredentialsManager.csproj", "{3CDAAB46-AF88-4AFE-BC47-CD8F770075E5}"
EndProject
Project("{9A19103F-16F7-4668-BE54-9A1E7A4F7556}") = "Jwks.SigningCredentialsManager.Store.FileSystem", "Jwks.SigningCredentialsManager.Store.FileSystem\Jwks.SigningCredentialsManager.Store.FileSystem.csproj", "{8A155B63-CF25-4086-B28D-F3DD5FF41F3B}"
EndProject
Project("{9A19103F-16F7-4668-BE54-9A1E7A4F7556}") = "Jwks.SigningCredentialsManager.Store.EntityFrameworkCore", "Jwks.SigningCredentialsManager.Store.EntityFrameworkCore\Jwks.SigningCredentialsManager.Store.EntityFrameworkCore.csproj", "{9BE3846C-4F2D-48B2-A836-7E1C91D86884}"
EndProject
Project("{9A19103F-16F7-4668-BE54-9A1E7A4F7556}") = "Jwks.SigningCredentialsManager.IdentityServer4", "Jwks.SigningCredentialsManager.IdentityServer4\Jwks.SigningCredentialsManager.IdentityServer4.csproj", "{2DE356BF-D2ED-43B2-B9B2-F077A4DBE055}"
EndProject
Project("{2150E333-8FDC-42A3-9474-1A3956D46DE8}") = "tests", "tests", "{37F2101B-D7D3-45D9-B6FF-D37A2957CB4E}"
EndProject
Project("{9A19103F-16F7-4668-BE54-9A1E7A4F7556}") = "Jwks.SigningCredentialsManager.Tests", "..\tests\Jwks.SigningCredentialsManager.Tests\Jwks.SigningCredentialsManager.Tests.csproj", "{ECBB0119-ED06-4CA8-BF54-D9E959E050FF}"
EndProject
Global
	GlobalSection(SolutionConfigurationPlatforms) = preSolution
		Debug|Any CPU = Debug|Any CPU
		Release|Any CPU = Release|Any CPU
	EndGlobalSection
	GlobalSection(ProjectConfigurationPlatforms) = postSolution
		{3CDAAB46-AF88-4AFE-BC47-CD8F770075E5}.Debug|Any CPU.ActiveCfg = Debug|Any CPU
		{3CDAAB46-AF88-4AFE-BC47-CD8F770075E5}.Debug|Any CPU.Build.0 = Debug|Any CPU
		{3CDAAB46-AF88-4AFE-BC47-CD8F770075E5}.Release|Any CPU.ActiveCfg = Release|Any CPU
		{3CDAAB46-AF88-4AFE-BC47-CD8F770075E5}.Release|Any CPU.Build.0 = Release|Any CPU
		{8A155B63-CF25-4086-B28D-F3DD5FF41F3B}.Debug|Any CPU.ActiveCfg = Debug|Any CPU
		{8A155B63-CF25-4086-B28D-F3DD5FF41F3B}.Debug|Any CPU.Build.0 = Debug|Any CPU
		{8A155B63-CF25-4086-B28D-F3DD5FF41F3B}.Release|Any CPU.ActiveCfg = Release|Any CPU
		{8A155B63-CF25-4086-B28D-F3DD5FF41F3B}.Release|Any CPU.Build.0 = Release|Any CPU
		{9BE3846C-4F2D-48B2-A836-7E1C91D86884}.Debug|Any CPU.ActiveCfg = Debug|Any CPU
		{9BE3846C-4F2D-48B2-A836-7E1C91D86884}.Debug|Any CPU.Build.0 = Debug|Any CPU
		{9BE3846C-4F2D-48B2-A836-7E1C91D86884}.Release|Any CPU.ActiveCfg = Release|Any CPU
		{9BE3846C-4F2D-48B2-A836-7E1C91D86884}.Release|Any CPU.Build.0 = Release|Any CPU
		{2DE356BF-D2ED-43B2-B9B2-F077A4DBE055}.Debug|Any CPU.ActiveCfg = Debug|Any CPU
		{2DE356BF-D2ED-43B2-B9B2-F077A4DBE055}.Debug|Any CPU.Build.0 = Debug|Any CPU
		{2DE356BF-D2ED-43B2-B9B2-F077A4DBE055}.Release|Any CPU.ActiveCfg = Release|Any CPU
		{2DE356BF-D2ED-43B2-B9B2-F077A4DBE055}.Release|Any CPU.Build.0 = Release|Any CPU
		{ECBB0119-ED06-4CA8-BF54-D9E959E050FF}.Debug|Any CPU.ActiveCfg = Debug|Any CPU
		{ECBB0119-ED06-4CA8-BF54-D9E959E050FF}.Debug|Any CPU.Build.0 = Debug|Any CPU
		{ECBB0119-ED06-4CA8-BF54-D9E959E050FF}.Release|Any CPU.ActiveCfg = Release|Any CPU
		{ECBB0119-ED06-4CA8-BF54-D9E959E050FF}.Release|Any CPU.Build.0 = Release|Any CPU
	EndGlobalSection
	GlobalSection(SolutionProperties) = preSolution
		HideSolutionNode = FALSE
	EndGlobalSection
	GlobalSection(NestedProjects) = preSolution
		{ECBB0119-ED06-4CA8-BF54-D9E959E050FF} = {37F2101B-D7D3-45D9-B6FF-D37A2957CB4E}
	EndGlobalSection
	GlobalSection(ExtensibilityGlobals) = postSolution
		SolutionGuid = {65AC8CAB-518B-4CAB-9F89-9B6CE745838F}
	EndGlobalSection
EndGlobal
