
Microsoft Visual Studio Solution File, Format Version 12.00
# Visual Studio Version 17
VisualStudioVersion = 17.0.31903.59
MinimumVisualStudioVersion = 10.0.40219.1
Project("{9A19103F-16F7-4668-BE54-9A1E7A4F7556}") = "NetDevPack.Security.Jwt.Core", "NetDevPack.Security.Jwt.Core\NetDevPack.Security.Jwt.Core.csproj", "{B5062813-BBA6-4A2E-AE5F-694B597CF314}"
EndProject
Project("{2150E333-8FDC-42A3-9474-1A3956D46DE8}") = "tests", "tests", "{CEA99B61-BEF7-4CE5-A68A-0784625A6B43}"
EndProject
Project("{9A19103F-16F7-4668-BE54-9A1E7A4F7556}") = "NetDevPack.Security.Jwt.Tests", "..\tests\NetDevPack.Security.Jwt.Tests\NetDevPack.Security.Jwt.Tests.csproj", "{72B24AFF-E0C0-4153-8087-F7FB2AD91771}"
EndProject
Project("{2150E333-8FDC-42A3-9474-1A3956D46DE8}") = "samples", "samples", "{BF65DEED-7A2D-44FF-B1F5-9F317FE93ADC}"
EndProject
Project("{9A19103F-16F7-4668-BE54-9A1E7A4F7556}") = "NetDevPack.Security.Jwt.Store.FileSystem", "NetDevPack.Security.Jwt.Store.FileSystem\NetDevPack.Security.Jwt.Store.FileSystem.csproj", "{278A6157-046B-4B3C-907D-842CD1EBE942}"
EndProject
Project("{9A19103F-16F7-4668-BE54-9A1E7A4F7556}") = "NetDevPack.Security.Jwt.Store.EntityFrameworkCore", "NetDevPack.Security.Jwt.Store.EntityFrameworkCore\NetDevPack.Security.Jwt.Store.EntityFrameworkCore.csproj", "{22720E4B-1668-4C1E-81E4-45A40F95DEEA}"
EndProject
Project("{9A19103F-16F7-4668-BE54-9A1E7A4F7556}") = "NetDevPack.Security.Jwt.IdentityServer4", "NetDevPack.Security.Jwt.IdentityServer4\NetDevPack.Security.Jwt.IdentityServer4.csproj", "{042A314A-9BCE-4937-9C05-25BBEE2701A3}"
EndProject
Project("{9A19103F-16F7-4668-BE54-9A1E7A4F7556}") = "NetDevPack.Security.Jwt.AspNetCore", "NetDevPack.Security.Jwt.AspNetCore\NetDevPack.Security.Jwt.AspNetCore.csproj", "{6D7E0BD7-0AB9-4834-A536-28A0741CCB3C}"
EndProject
Project("{9A19103F-16F7-4668-BE54-9A1E7A4F7556}") = "AspNet.Default", "..\samples\1_AspNet.Default\AspNet.Default.csproj", "{843673CF-96A7-412F-8CA5-76357A47444D}"
EndProject
Project("{9A19103F-16F7-4668-BE54-9A1E7A4F7556}") = "AspNet.Store.EntityFramework", "..\samples\2_AspNet.Store.EntityFramework\AspNet.Store.EntityFramework.csproj", "{78D4D49E-6600-4545-A727-363ADF6B56EA}"
EndProject
Project("{2150E333-8FDC-42A3-9474-1A3956D46DE8}") = "Microservice.Sample", "Microservice.Sample", "{1E9A6B9E-DC4A-4B17-A252-3578BC5BE853}"
EndProject
Project("{9A19103F-16F7-4668-BE54-9A1E7A4F7556}") = "AspNet.IdentityServer4", "..\samples\3_IdentityServer4\AspNet.IdentityServer4.csproj", "{7EE1F124-DD0E-452D-8B13-D108FF9DF277}"
EndProject
Project("{9A19103F-16F7-4668-BE54-9A1E7A4F7556}") = "Identity", "..\samples\Microservice.Sample\Identity\Identity.csproj", "{B96A31FB-827A-43C8-AC4B-BAC66AB528CB}"
EndProject
Project("{9A19103F-16F7-4668-BE54-9A1E7A4F7556}") = "Api.Sample", "..\samples\Microservice.Sample\Api.Sample\Api.Sample.csproj", "{F7877CF4-6ADF-456F-BC27-B1BB935366FD}"
EndProject
Project("{FAE04EC0-301F-11D3-BF4B-00C04F79EFBC}") = "NetDevPack.Security.Jwt.AspNetCoreTests", "..\tests\NetDevPack.Security.Jwt.AspNetCoreTests\NetDevPack.Security.Jwt.AspNetCoreTests.csproj", "{5BC8EC00-578F-41F8-ACB8-D95D3F0EA589}"
EndProject
Global
	GlobalSection(SolutionConfigurationPlatforms) = preSolution
		Debug|Any CPU = Debug|Any CPU
		Release|Any CPU = Release|Any CPU
	EndGlobalSection
	GlobalSection(ProjectConfigurationPlatforms) = postSolution
		{B5062813-BBA6-4A2E-AE5F-694B597CF314}.Debug|Any CPU.ActiveCfg = Debug|Any CPU
		{B5062813-BBA6-4A2E-AE5F-694B597CF314}.Debug|Any CPU.Build.0 = Debug|Any CPU
		{B5062813-BBA6-4A2E-AE5F-694B597CF314}.Release|Any CPU.ActiveCfg = Release|Any CPU
		{B5062813-BBA6-4A2E-AE5F-694B597CF314}.Release|Any CPU.Build.0 = Release|Any CPU
		{72B24AFF-E0C0-4153-8087-F7FB2AD91771}.Debug|Any CPU.ActiveCfg = Debug|Any CPU
		{72B24AFF-E0C0-4153-8087-F7FB2AD91771}.Debug|Any CPU.Build.0 = Debug|Any CPU
		{72B24AFF-E0C0-4153-8087-F7FB2AD91771}.Release|Any CPU.ActiveCfg = Release|Any CPU
		{72B24AFF-E0C0-4153-8087-F7FB2AD91771}.Release|Any CPU.Build.0 = Release|Any CPU
		{278A6157-046B-4B3C-907D-842CD1EBE942}.Debug|Any CPU.ActiveCfg = Debug|Any CPU
		{278A6157-046B-4B3C-907D-842CD1EBE942}.Debug|Any CPU.Build.0 = Debug|Any CPU
		{278A6157-046B-4B3C-907D-842CD1EBE942}.Release|Any CPU.ActiveCfg = Release|Any CPU
		{278A6157-046B-4B3C-907D-842CD1EBE942}.Release|Any CPU.Build.0 = Release|Any CPU
		{22720E4B-1668-4C1E-81E4-45A40F95DEEA}.Debug|Any CPU.ActiveCfg = Debug|Any CPU
		{22720E4B-1668-4C1E-81E4-45A40F95DEEA}.Debug|Any CPU.Build.0 = Debug|Any CPU
		{22720E4B-1668-4C1E-81E4-45A40F95DEEA}.Release|Any CPU.ActiveCfg = Release|Any CPU
		{22720E4B-1668-4C1E-81E4-45A40F95DEEA}.Release|Any CPU.Build.0 = Release|Any CPU
		{042A314A-9BCE-4937-9C05-25BBEE2701A3}.Debug|Any CPU.ActiveCfg = Debug|Any CPU
		{042A314A-9BCE-4937-9C05-25BBEE2701A3}.Debug|Any CPU.Build.0 = Debug|Any CPU
		{042A314A-9BCE-4937-9C05-25BBEE2701A3}.Release|Any CPU.ActiveCfg = Release|Any CPU
		{042A314A-9BCE-4937-9C05-25BBEE2701A3}.Release|Any CPU.Build.0 = Release|Any CPU
		{6D7E0BD7-0AB9-4834-A536-28A0741CCB3C}.Debug|Any CPU.ActiveCfg = Debug|Any CPU
		{6D7E0BD7-0AB9-4834-A536-28A0741CCB3C}.Debug|Any CPU.Build.0 = Debug|Any CPU
		{6D7E0BD7-0AB9-4834-A536-28A0741CCB3C}.Release|Any CPU.ActiveCfg = Release|Any CPU
		{6D7E0BD7-0AB9-4834-A536-28A0741CCB3C}.Release|Any CPU.Build.0 = Release|Any CPU
		{843673CF-96A7-412F-8CA5-76357A47444D}.Debug|Any CPU.ActiveCfg = Debug|Any CPU
		{843673CF-96A7-412F-8CA5-76357A47444D}.Debug|Any CPU.Build.0 = Debug|Any CPU
		{843673CF-96A7-412F-8CA5-76357A47444D}.Release|Any CPU.ActiveCfg = Release|Any CPU
		{843673CF-96A7-412F-8CA5-76357A47444D}.Release|Any CPU.Build.0 = Release|Any CPU
		{78D4D49E-6600-4545-A727-363ADF6B56EA}.Debug|Any CPU.ActiveCfg = Debug|Any CPU
		{78D4D49E-6600-4545-A727-363ADF6B56EA}.Debug|Any CPU.Build.0 = Debug|Any CPU
		{78D4D49E-6600-4545-A727-363ADF6B56EA}.Release|Any CPU.ActiveCfg = Release|Any CPU
		{78D4D49E-6600-4545-A727-363ADF6B56EA}.Release|Any CPU.Build.0 = Release|Any CPU
		{7EE1F124-DD0E-452D-8B13-D108FF9DF277}.Debug|Any CPU.ActiveCfg = Debug|Any CPU
		{7EE1F124-DD0E-452D-8B13-D108FF9DF277}.Debug|Any CPU.Build.0 = Debug|Any CPU
		{7EE1F124-DD0E-452D-8B13-D108FF9DF277}.Release|Any CPU.ActiveCfg = Release|Any CPU
		{7EE1F124-DD0E-452D-8B13-D108FF9DF277}.Release|Any CPU.Build.0 = Release|Any CPU
		{B96A31FB-827A-43C8-AC4B-BAC66AB528CB}.Debug|Any CPU.ActiveCfg = Debug|Any CPU
		{B96A31FB-827A-43C8-AC4B-BAC66AB528CB}.Debug|Any CPU.Build.0 = Debug|Any CPU
		{B96A31FB-827A-43C8-AC4B-BAC66AB528CB}.Release|Any CPU.ActiveCfg = Release|Any CPU
		{B96A31FB-827A-43C8-AC4B-BAC66AB528CB}.Release|Any CPU.Build.0 = Release|Any CPU
		{F7877CF4-6ADF-456F-BC27-B1BB935366FD}.Debug|Any CPU.ActiveCfg = Debug|Any CPU
		{F7877CF4-6ADF-456F-BC27-B1BB935366FD}.Debug|Any CPU.Build.0 = Debug|Any CPU
		{F7877CF4-6ADF-456F-BC27-B1BB935366FD}.Release|Any CPU.ActiveCfg = Release|Any CPU
		{F7877CF4-6ADF-456F-BC27-B1BB935366FD}.Release|Any CPU.Build.0 = Release|Any CPU
		{5BC8EC00-578F-41F8-ACB8-D95D3F0EA589}.Debug|Any CPU.ActiveCfg = Debug|Any CPU
		{5BC8EC00-578F-41F8-ACB8-D95D3F0EA589}.Debug|Any CPU.Build.0 = Debug|Any CPU
		{5BC8EC00-578F-41F8-ACB8-D95D3F0EA589}.Release|Any CPU.ActiveCfg = Release|Any CPU
		{5BC8EC00-578F-41F8-ACB8-D95D3F0EA589}.Release|Any CPU.Build.0 = Release|Any CPU
	EndGlobalSection
	GlobalSection(SolutionProperties) = preSolution
		HideSolutionNode = FALSE
	EndGlobalSection
	GlobalSection(NestedProjects) = preSolution
		{72B24AFF-E0C0-4153-8087-F7FB2AD91771} = {CEA99B61-BEF7-4CE5-A68A-0784625A6B43}
		{843673CF-96A7-412F-8CA5-76357A47444D} = {BF65DEED-7A2D-44FF-B1F5-9F317FE93ADC}
		{78D4D49E-6600-4545-A727-363ADF6B56EA} = {BF65DEED-7A2D-44FF-B1F5-9F317FE93ADC}
		{1E9A6B9E-DC4A-4B17-A252-3578BC5BE853} = {BF65DEED-7A2D-44FF-B1F5-9F317FE93ADC}
		{7EE1F124-DD0E-452D-8B13-D108FF9DF277} = {BF65DEED-7A2D-44FF-B1F5-9F317FE93ADC}
		{B96A31FB-827A-43C8-AC4B-BAC66AB528CB} = {1E9A6B9E-DC4A-4B17-A252-3578BC5BE853}
		{F7877CF4-6ADF-456F-BC27-B1BB935366FD} = {1E9A6B9E-DC4A-4B17-A252-3578BC5BE853}
		{5BC8EC00-578F-41F8-ACB8-D95D3F0EA589} = {CEA99B61-BEF7-4CE5-A68A-0784625A6B43}
	EndGlobalSection
	GlobalSection(ExtensibilityGlobals) = postSolution
		SolutionGuid = {82CA17A3-4071-4E08-A07A-A6083C804774}
	EndGlobalSection
EndGlobal
